
Microsoft Visual Studio Solution File, Format Version 12.00
# Visual Studio Version 17
VisualStudioVersion = 17.2.32630.192
MinimumVisualStudioVersion = 10.0.40219.1
Project("{FAE04EC0-301F-11D3-BF4B-00C04F79EFBC}") = "Kata_04_Data_Munging_Part3", "Kata_04_Data_Munging_Part3\Kata_04_Data_Munging_Part3.csproj", "{D2A41D9A-7599-4B3D-9BD5-D85E42EDE61C}"
EndProject
Global
	GlobalSection(SolutionConfigurationPlatforms) = preSolution
		Debug|Any CPU = Debug|Any CPU
		Release|Any CPU = Release|Any CPU
	EndGlobalSection
	GlobalSection(ProjectConfigurationPlatforms) = postSolution
		{D2A41D9A-7599-4B3D-9BD5-D85E42EDE61C}.Debug|Any CPU.ActiveCfg = Debug|Any CPU
		{D2A41D9A-7599-4B3D-9BD5-D85E42EDE61C}.Debug|Any CPU.Build.0 = Debug|Any CPU
		{D2A41D9A-7599-4B3D-9BD5-D85E42EDE61C}.Release|Any CPU.ActiveCfg = Release|Any CPU
		{D2A41D9A-7599-4B3D-9BD5-D85E42EDE61C}.Release|Any CPU.Build.0 = Release|Any CPU
	EndGlobalSection
	GlobalSection(SolutionProperties) = preSolution
		HideSolutionNode = FALSE
	EndGlobalSection
	GlobalSection(ExtensibilityGlobals) = postSolution
		SolutionGuid = {EBC59FAD-7DD1-4C3F-A313-755D5ED01A45}
	EndGlobalSection
EndGlobal
